
Microsoft Visual Studio Solution File, Format Version 12.00
# Visual Studio 15
VisualStudioVersion = 15.0.26124.0
MinimumVisualStudioVersion = 15.0.26124.0
Project("{FAE04EC0-301F-11D3-BF4B-00C04F79EFBC}") = "FileSignatureUtility", "FileSignatureUtility\FileSignatureUtility.csproj", "{C4A328EF-76A8-4C9B-A016-76C7C608406F}"
EndProject
Project("{FAE04EC0-301F-11D3-BF4B-00C04F79EFBC}") = "TestFileSignatureUtility", "TestFileSignatureUtility\TestFileSignatureUtility.csproj", "{DA9AE9CD-1729-4E3B-890C-93BE7563E6AE}"
EndProject
Project("{FAE04EC0-301F-11D3-BF4B-00C04F79EFBC}") = "CrawlerProgram", "CrawlerProgram\CrawlerProgram.csproj", "{14D5D109-FD3A-4B13-AF64-330A80E41F35}"
EndProject
Global
	GlobalSection(SolutionConfigurationPlatforms) = preSolution
		Debug|Any CPU = Debug|Any CPU
		Debug|x64 = Debug|x64
		Debug|x86 = Debug|x86
		Release|Any CPU = Release|Any CPU
		Release|x64 = Release|x64
		Release|x86 = Release|x86
	EndGlobalSection
	GlobalSection(SolutionProperties) = preSolution
		HideSolutionNode = FALSE
	EndGlobalSection
	GlobalSection(ProjectConfigurationPlatforms) = postSolution
		{C4A328EF-76A8-4C9B-A016-76C7C608406F}.Debug|Any CPU.ActiveCfg = Debug|Any CPU
		{C4A328EF-76A8-4C9B-A016-76C7C608406F}.Debug|Any CPU.Build.0 = Debug|Any CPU
		{C4A328EF-76A8-4C9B-A016-76C7C608406F}.Debug|x64.ActiveCfg = Debug|Any CPU
		{C4A328EF-76A8-4C9B-A016-76C7C608406F}.Debug|x64.Build.0 = Debug|Any CPU
		{C4A328EF-76A8-4C9B-A016-76C7C608406F}.Debug|x86.ActiveCfg = Debug|Any CPU
		{C4A328EF-76A8-4C9B-A016-76C7C608406F}.Debug|x86.Build.0 = Debug|Any CPU
		{C4A328EF-76A8-4C9B-A016-76C7C608406F}.Release|Any CPU.ActiveCfg = Release|Any CPU
		{C4A328EF-76A8-4C9B-A016-76C7C608406F}.Release|Any CPU.Build.0 = Release|Any CPU
		{C4A328EF-76A8-4C9B-A016-76C7C608406F}.Release|x64.ActiveCfg = Release|Any CPU
		{C4A328EF-76A8-4C9B-A016-76C7C608406F}.Release|x64.Build.0 = Release|Any CPU
		{C4A328EF-76A8-4C9B-A016-76C7C608406F}.Release|x86.ActiveCfg = Release|Any CPU
		{C4A328EF-76A8-4C9B-A016-76C7C608406F}.Release|x86.Build.0 = Release|Any CPU
		{DA9AE9CD-1729-4E3B-890C-93BE7563E6AE}.Debug|Any CPU.ActiveCfg = Debug|Any CPU
		{DA9AE9CD-1729-4E3B-890C-93BE7563E6AE}.Debug|Any CPU.Build.0 = Debug|Any CPU
		{DA9AE9CD-1729-4E3B-890C-93BE7563E6AE}.Debug|x64.ActiveCfg = Debug|Any CPU
		{DA9AE9CD-1729-4E3B-890C-93BE7563E6AE}.Debug|x64.Build.0 = Debug|Any CPU
		{DA9AE9CD-1729-4E3B-890C-93BE7563E6AE}.Debug|x86.ActiveCfg = Debug|Any CPU
		{DA9AE9CD-1729-4E3B-890C-93BE7563E6AE}.Debug|x86.Build.0 = Debug|Any CPU
		{DA9AE9CD-1729-4E3B-890C-93BE7563E6AE}.Release|Any CPU.ActiveCfg = Release|Any CPU
		{DA9AE9CD-1729-4E3B-890C-93BE7563E6AE}.Release|Any CPU.Build.0 = Release|Any CPU
		{DA9AE9CD-1729-4E3B-890C-93BE7563E6AE}.Release|x64.ActiveCfg = Release|Any CPU
		{DA9AE9CD-1729-4E3B-890C-93BE7563E6AE}.Release|x64.Build.0 = Release|Any CPU
		{DA9AE9CD-1729-4E3B-890C-93BE7563E6AE}.Release|x86.ActiveCfg = Release|Any CPU
		{DA9AE9CD-1729-4E3B-890C-93BE7563E6AE}.Release|x86.Build.0 = Release|Any CPU
		{14D5D109-FD3A-4B13-AF64-330A80E41F35}.Debug|Any CPU.ActiveCfg = Debug|Any CPU
		{14D5D109-FD3A-4B13-AF64-330A80E41F35}.Debug|Any CPU.Build.0 = Debug|Any CPU
		{14D5D109-FD3A-4B13-AF64-330A80E41F35}.Debug|x64.ActiveCfg = Debug|Any CPU
		{14D5D109-FD3A-4B13-AF64-330A80E41F35}.Debug|x64.Build.0 = Debug|Any CPU
		{14D5D109-FD3A-4B13-AF64-330A80E41F35}.Debug|x86.ActiveCfg = Debug|Any CPU
		{14D5D109-FD3A-4B13-AF64-330A80E41F35}.Debug|x86.Build.0 = Debug|Any CPU
		{14D5D109-FD3A-4B13-AF64-330A80E41F35}.Release|Any CPU.ActiveCfg = Release|Any CPU
		{14D5D109-FD3A-4B13-AF64-330A80E41F35}.Release|Any CPU.Build.0 = Release|Any CPU
		{14D5D109-FD3A-4B13-AF64-330A80E41F35}.Release|x64.ActiveCfg = Release|Any CPU
		{14D5D109-FD3A-4B13-AF64-330A80E41F35}.Release|x64.Build.0 = Release|Any CPU
		{14D5D109-FD3A-4B13-AF64-330A80E41F35}.Release|x86.ActiveCfg = Release|Any CPU
		{14D5D109-FD3A-4B13-AF64-330A80E41F35}.Release|x86.Build.0 = Release|Any CPU
	EndGlobalSection
EndGlobal
